// !$*UTF8*$!
{
	archiveVersion = 1;
	classes = {
	};
	objectVersion = 46;
	objects = {

/* Begin PBXBuildFile section */
		419C3B761F95D25100BFB24D /* AppDelegate.swift in Sources */ = {isa = PBXBuildFile; fileRef = 419C3B751F95D25100BFB24D /* AppDelegate.swift */; };
		419C3B781F95D25100BFB24D /* ViewController.swift in Sources */ = {isa = PBXBuildFile; fileRef = 419C3B771F95D25100BFB24D /* ViewController.swift */; };
		419C3B7B1F95D25100BFB24D /* Main.storyboard in Resources */ = {isa = PBXBuildFile; fileRef = 419C3B791F95D25100BFB24D /* Main.storyboard */; };
		419C3B7D1F95D25100BFB24D /* Assets.xcassets in Resources */ = {isa = PBXBuildFile; fileRef = 419C3B7C1F95D25100BFB24D /* Assets.xcassets */; };
		419C3B801F95D25100BFB24D /* LaunchScreen.storyboard in Resources */ = {isa = PBXBuildFile; fileRef = 419C3B7E1F95D25100BFB24D /* LaunchScreen.storyboard */; };
		419C3B881F95E66500BFB24D /* MapViewController.swift in Sources */ = {isa = PBXBuildFile; fileRef = 419C3B871F95E66500BFB24D /* MapViewController.swift */; };
		41D562581F98839A004353A3 /* Place.swift in Sources */ = {isa = PBXBuildFile; fileRef = 41D562571F98839A004353A3 /* Place.swift */; };
		41D5625A1F98944A004353A3 /* NearestPlaceViewController.swift in Sources */ = {isa = PBXBuildFile; fileRef = 41D562591F98944A004353A3 /* NearestPlaceViewController.swift */; };
		4987E4A65E0E80621838E552 /* libPods-Mashay.a in Frameworks */ = {isa = PBXBuildFile; fileRef = BF800EAC9463119063AFCA6F /* libPods-Mashay.a */; };
/* End PBXBuildFile section */

/* Begin PBXFileReference section */
		419C3B721F95D25100BFB24D /* Mashay.app */ = {isa = PBXFileReference; explicitFileType = wrapper.application; includeInIndex = 0; path = Mashay.app; sourceTree = BUILT_PRODUCTS_DIR; };
		419C3B751F95D25100BFB24D /* AppDelegate.swift */ = {isa = PBXFileReference; lastKnownFileType = sourcecode.swift; path = AppDelegate.swift; sourceTree = "<group>"; };
		419C3B771F95D25100BFB24D /* ViewController.swift */ = {isa = PBXFileReference; lastKnownFileType = sourcecode.swift; path = ViewController.swift; sourceTree = "<group>"; };
		419C3B7A1F95D25100BFB24D /* Base */ = {isa = PBXFileReference; lastKnownFileType = file.storyboard; name = Base; path = Base.lproj/Main.storyboard; sourceTree = "<group>"; };
		419C3B7C1F95D25100BFB24D /* Assets.xcassets */ = {isa = PBXFileReference; lastKnownFileType = folder.assetcatalog; path = Assets.xcassets; sourceTree = "<group>"; };
		419C3B7F1F95D25100BFB24D /* Base */ = {isa = PBXFileReference; lastKnownFileType = file.storyboard; name = Base; path = Base.lproj/LaunchScreen.storyboard; sourceTree = "<group>"; };
		419C3B811F95D25100BFB24D /* Info.plist */ = {isa = PBXFileReference; lastKnownFileType = text.plist.xml; path = Info.plist; sourceTree = "<group>"; };
		419C3B871F95E66500BFB24D /* MapViewController.swift */ = {isa = PBXFileReference; fileEncoding = 4; lastKnownFileType = sourcecode.swift; path = MapViewController.swift; sourceTree = "<group>"; };
		419C3B891F95E9F400BFB24D /* Mashay.entitlements */ = {isa = PBXFileReference; lastKnownFileType = text.plist.entitlements; path = Mashay.entitlements; sourceTree = "<group>"; };
		41D562571F98839A004353A3 /* Place.swift */ = {isa = PBXFileReference; fileEncoding = 4; lastKnownFileType = sourcecode.swift; path = Place.swift; sourceTree = "<group>"; };
		41D562591F98944A004353A3 /* NearestPlaceViewController.swift */ = {isa = PBXFileReference; fileEncoding = 4; lastKnownFileType = sourcecode.swift; path = NearestPlaceViewController.swift; sourceTree = "<group>"; };
		41D5625B1F98B6F2004353A3 /* CoreLocation.framework */ = {isa = PBXFileReference; lastKnownFileType = wrapper.framework; name = CoreLocation.framework; path = System/Library/Frameworks/CoreLocation.framework; sourceTree = SDKROOT; };
		BF800EAC9463119063AFCA6F /* libPods-Mashay.a */ = {isa = PBXFileReference; explicitFileType = archive.ar; includeInIndex = 0; path = "libPods-Mashay.a"; sourceTree = BUILT_PRODUCTS_DIR; };
		CFC7968D6CA5F3F7AF986ACA /* Pods-Mashay.release.xcconfig */ = {isa = PBXFileReference; includeInIndex = 1; lastKnownFileType = text.xcconfig; name = "Pods-Mashay.release.xcconfig"; path = "Pods/Target Support Files/Pods-Mashay/Pods-Mashay.release.xcconfig"; sourceTree = "<group>"; };
		E3D4A766BAB4F10AA7B724EA /* Pods-Mashay.debug.xcconfig */ = {isa = PBXFileReference; includeInIndex = 1; lastKnownFileType = text.xcconfig; name = "Pods-Mashay.debug.xcconfig"; path = "Pods/Target Support Files/Pods-Mashay/Pods-Mashay.debug.xcconfig"; sourceTree = "<group>"; };
/* End PBXFileReference section */

/* Begin PBXFrameworksBuildPhase section */
		419C3B6F1F95D25100BFB24D /* Frameworks */ = {
			isa = PBXFrameworksBuildPhase;
			buildActionMask = 2147483647;
			files = (
				4987E4A65E0E80621838E552 /* libPods-Mashay.a in Frameworks */,
			);
			runOnlyForDeploymentPostprocessing = 0;
		};
/* End PBXFrameworksBuildPhase section */

/* Begin PBXGroup section */
		1F2AB335B98AEA4FF1EC2E52 /* Pods */ = {
			isa = PBXGroup;
			children = (
				E3D4A766BAB4F10AA7B724EA /* Pods-Mashay.debug.xcconfig */,
				CFC7968D6CA5F3F7AF986ACA /* Pods-Mashay.release.xcconfig */,
			);
			name = Pods;
			sourceTree = "<group>";
		};
		419C3B691F95D25100BFB24D = {
			isa = PBXGroup;
			children = (
				419C3B741F95D25100BFB24D /* Mashay */,
				419C3B731F95D25100BFB24D /* Products */,
				1F2AB335B98AEA4FF1EC2E52 /* Pods */,
				C07A7A862BEA529C5F3FEAA9 /* Frameworks */,
			);
			sourceTree = "<group>";
		};
		419C3B731F95D25100BFB24D /* Products */ = {
			isa = PBXGroup;
			children = (
				419C3B721F95D25100BFB24D /* Mashay.app */,
			);
			name = Products;
			sourceTree = "<group>";
		};
		419C3B741F95D25100BFB24D /* Mashay */ = {
			isa = PBXGroup;
			children = (
				419C3B891F95E9F400BFB24D /* Mashay.entitlements */,
				419C3B751F95D25100BFB24D /* AppDelegate.swift */,
				419C3B771F95D25100BFB24D /* ViewController.swift */,
				419C3B791F95D25100BFB24D /* Main.storyboard */,
				419C3B7C1F95D25100BFB24D /* Assets.xcassets */,
				419C3B7E1F95D25100BFB24D /* LaunchScreen.storyboard */,
				419C3B811F95D25100BFB24D /* Info.plist */,
				419C3B871F95E66500BFB24D /* MapViewController.swift */,
				41D562571F98839A004353A3 /* Place.swift */,
				41D562591F98944A004353A3 /* NearestPlaceViewController.swift */,
			);
			path = Mashay;
			sourceTree = "<group>";
		};
		C07A7A862BEA529C5F3FEAA9 /* Frameworks */ = {
			isa = PBXGroup;
			children = (
				41D5625B1F98B6F2004353A3 /* CoreLocation.framework */,
				BF800EAC9463119063AFCA6F /* libPods-Mashay.a */,
			);
			name = Frameworks;
			sourceTree = "<group>";
		};
/* End PBXGroup section */

/* Begin PBXNativeTarget section */
		419C3B711F95D25100BFB24D /* Mashay */ = {
			isa = PBXNativeTarget;
			buildConfigurationList = 419C3B841F95D25100BFB24D /* Build configuration list for PBXNativeTarget "Mashay" */;
			buildPhases = (
				B6275E408EFF44A2DE54D921 /* [CP] Check Pods Manifest.lock */,
				419C3B6E1F95D25100BFB24D /* Sources */,
				419C3B6F1F95D25100BFB24D /* Frameworks */,
				419C3B701F95D25100BFB24D /* Resources */,
				0F99993C0DCFE3EC9003B374 /* [CP] Embed Pods Frameworks */,
				DE71F8AF67B485EF96BDD294 /* [CP] Copy Pods Resources */,
			);
			buildRules = (
			);
			dependencies = (
			);
			name = Mashay;
			productName = Mashay;
			productReference = 419C3B721F95D25100BFB24D /* Mashay.app */;
			productType = "com.apple.product-type.application";
		};
/* End PBXNativeTarget section */

/* Begin PBXProject section */
		419C3B6A1F95D25100BFB24D /* Project object */ = {
			isa = PBXProject;
			attributes = {
				LastSwiftUpdateCheck = 0830;
				LastUpgradeCheck = 0830;
				ORGANIZATIONNAME = TurathAlanbiaa;
				TargetAttributes = {
					419C3B711F95D25100BFB24D = {
						CreatedOnToolsVersion = 8.3.3;
						DevelopmentTeam = 9LR44FX9HH;
						ProvisioningStyle = Automatic;
						SystemCapabilities = {
							com.apple.Push = {
								enabled = 0;
							};
						};
					};
				};
			};
			buildConfigurationList = 419C3B6D1F95D25100BFB24D /* Build configuration list for PBXProject "Mashay" */;
			compatibilityVersion = "Xcode 3.2";
			developmentRegion = English;
			hasScannedForEncodings = 0;
			knownRegions = (
				en,
				Base,
			);
			mainGroup = 419C3B691F95D25100BFB24D;
			productRefGroup = 419C3B731F95D25100BFB24D /* Products */;
			projectDirPath = "";
			projectRoot = "";
			targets = (
				419C3B711F95D25100BFB24D /* Mashay */,
			);
		};
/* End PBXProject section */

/* Begin PBXResourcesBuildPhase section */
		419C3B701F95D25100BFB24D /* Resources */ = {
			isa = PBXResourcesBuildPhase;
			buildActionMask = 2147483647;
			files = (
				419C3B801F95D25100BFB24D /* LaunchScreen.storyboard in Resources */,
				419C3B7D1F95D25100BFB24D /* Assets.xcassets in Resources */,
				419C3B7B1F95D25100BFB24D /* Main.storyboard in Resources */,
			);
			runOnlyForDeploymentPostprocessing = 0;
		};
/* End PBXResourcesBuildPhase section */

/* Begin PBXShellScriptBuildPhase section */
		0F99993C0DCFE3EC9003B374 /* [CP] Embed Pods Frameworks */ = {
			isa = PBXShellScriptBuildPhase;
			buildActionMask = 2147483647;
			files = (
			);
			inputPaths = (
				"${SRCROOT}/Pods/Target Support Files/Pods-Mashay/Pods-Mashay-frameworks.sh",
				"${PODS_ROOT}/Mapbox-iOS-SDK/dynamic/Mapbox.framework",
				"${PODS_ROOT}/Mapbox-iOS-SDK/dynamic/Mapbox.framework.dSYM",
			);
			name = "[CP] Embed Pods Frameworks";
			outputPaths = (
				"${TARGET_BUILD_DIR}/${FRAMEWORKS_FOLDER_PATH}/Mapbox.framework",
				"${DWARF_DSYM_FOLDER_PATH}/Mapbox.framework.dSYM",
			);
			runOnlyForDeploymentPostprocessing = 0;
			shellPath = /bin/sh;
			shellScript = "\"${SRCROOT}/Pods/Target Support Files/Pods-Mashay/Pods-Mashay-frameworks.sh\"\n";
			showEnvVarsInLog = 0;
		};
		B6275E408EFF44A2DE54D921 /* [CP] Check Pods Manifest.lock */ = {
			isa = PBXShellScriptBuildPhase;
			buildActionMask = 2147483647;
			files = (
			);
			inputPaths = (
				"${PODS_PODFILE_DIR_PATH}/Podfile.lock",
				"${PODS_ROOT}/Manifest.lock",
			);
			name = "[CP] Check Pods Manifest.lock";
			outputPaths = (
				"$(DERIVED_FILE_DIR)/Pods-Mashay-checkManifestLockResult.txt",
			);
			runOnlyForDeploymentPostprocessing = 0;
			shellPath = /bin/sh;
			shellScript = "diff \"${PODS_PODFILE_DIR_PATH}/Podfile.lock\" \"${PODS_ROOT}/Manifest.lock\" > /dev/null\nif [ $? != 0 ] ; then\n    # print error to STDERR\n    echo \"error: The sandbox is not in sync with the Podfile.lock. Run 'pod install' or update your CocoaPods installation.\" >&2\n    exit 1\nfi\n# This output is used by Xcode 'outputs' to avoid re-running this script phase.\necho \"SUCCESS\" > \"${SCRIPT_OUTPUT_FILE_0}\"\n";
			showEnvVarsInLog = 0;
		};
		DE71F8AF67B485EF96BDD294 /* [CP] Copy Pods Resources */ = {
			isa = PBXShellScriptBuildPhase;
			buildActionMask = 2147483647;
			files = (
			);
			inputPaths = (
			);
			name = "[CP] Copy Pods Resources";
			outputPaths = (
			);
			runOnlyForDeploymentPostprocessing = 0;
			shellPath = /bin/sh;
			shellScript = "\"${SRCROOT}/Pods/Target Support Files/Pods-Mashay/Pods-Mashay-resources.sh\"\n";
			showEnvVarsInLog = 0;
		};
/* End PBXShellScriptBuildPhase section */

/* Begin PBXSourcesBuildPhase section */
		419C3B6E1F95D25100BFB24D /* Sources */ = {
			isa = PBXSourcesBuildPhase;
			buildActionMask = 2147483647;
			files = (
				419C3B781F95D25100BFB24D /* ViewController.swift in Sources */,
				419C3B881F95E66500BFB24D /* MapViewController.swift in Sources */,
				419C3B761F95D25100BFB24D /* AppDelegate.swift in Sources */,
				41D562581F98839A004353A3 /* Place.swift in Sources */,
				41D5625A1F98944A004353A3 /* NearestPlaceViewController.swift in Sources */,
			);
			runOnlyForDeploymentPostprocessing = 0;
		};
/* End PBXSourcesBuildPhase section */

/* Begin PBXVariantGroup section */
		419C3B791F95D25100BFB24D /* Main.storyboard */ = {
			isa = PBXVariantGroup;
			children = (
				419C3B7A1F95D25100BFB24D /* Base */,
			);
			name = Main.storyboard;
			sourceTree = "<group>";
		};
		419C3B7E1F95D25100BFB24D /* LaunchScreen.storyboard */ = {
			isa = PBXVariantGroup;
			children = (
				419C3B7F1F95D25100BFB24D /* Base */,
			);
			name = LaunchScreen.storyboard;
			sourceTree = "<group>";
		};
/* End PBXVariantGroup section */

/* Begin XCBuildConfiguration section */
		419C3B821F95D25100BFB24D /* Debug */ = {
			isa = XCBuildConfiguration;
			buildSettings = {
				ALWAYS_SEARCH_USER_PATHS = NO;
				CLANG_ANALYZER_NONNULL = YES;
				CLANG_ANALYZER_NUMBER_OBJECT_CONVERSION = YES_AGGRESSIVE;
				CLANG_CXX_LANGUAGE_STANDARD = "gnu++0x";
				CLANG_CXX_LIBRARY = "libc++";
				CLANG_ENABLE_MODULES = YES;
				CLANG_ENABLE_OBJC_ARC = YES;
				CLANG_WARN_BOOL_CONVERSION = YES;
				CLANG_WARN_CONSTANT_CONVERSION = YES;
				CLANG_WARN_DIRECT_OBJC_ISA_USAGE = YES_ERROR;
				CLANG_WARN_DOCUMENTATION_COMMENTS = YES;
				CLANG_WARN_EMPTY_BODY = YES;
				CLANG_WARN_ENUM_CONVERSION = YES;
				CLANG_WARN_INFINITE_RECURSION = YES;
				CLANG_WARN_INT_CONVERSION = YES;
				CLANG_WARN_OBJC_ROOT_CLASS = YES_ERROR;
				CLANG_WARN_SUSPICIOUS_MOVE = YES;
				CLANG_WARN_UNREACHABLE_CODE = YES;
				CLANG_WARN__DUPLICATE_METHOD_MATCH = YES;
				"CODE_SIGN_IDENTITY[sdk=iphoneos*]" = "iPhone Developer";
				COPY_PHASE_STRIP = NO;
				DEBUG_INFORMATION_FORMAT = dwarf;
				ENABLE_STRICT_OBJC_MSGSEND = YES;
				ENABLE_TESTABILITY = YES;
				GCC_C_LANGUAGE_STANDARD = gnu99;
				GCC_DYNAMIC_NO_PIC = NO;
				GCC_NO_COMMON_BLOCKS = YES;
				GCC_OPTIMIZATION_LEVEL = 0;
				GCC_PREPROCESSOR_DEFINITIONS = (
					"DEBUG=1",
					"$(inherited)",
				);
				GCC_WARN_64_TO_32_BIT_CONVERSION = YES;
				GCC_WARN_ABOUT_RETURN_TYPE = YES_ERROR;
				GCC_WARN_UNDECLARED_SELECTOR = YES;
				GCC_WARN_UNINITIALIZED_AUTOS = YES_AGGRESSIVE;
				GCC_WARN_UNUSED_FUNCTION = YES;
				GCC_WARN_UNUSED_VARIABLE = YES;
				IPHONEOS_DEPLOYMENT_TARGET = 10.3;
				MTL_ENABLE_DEBUG_INFO = YES;
				ONLY_ACTIVE_ARCH = YES;
				SDKROOT = iphoneos;
				SWIFT_ACTIVE_COMPILATION_CONDITIONS = DEBUG;
				SWIFT_OPTIMIZATION_LEVEL = "-Onone";
				TARGETED_DEVICE_FAMILY = "1,2";
			};
			name = Debug;
		};
		419C3B831F95D25100BFB24D /* Release */ = {
			isa = XCBuildConfiguration;
			buildSettings = {
				ALWAYS_SEARCH_USER_PATHS = NO;
				CLANG_ANALYZER_NONNULL = YES;
				CLANG_ANALYZER_NUMBER_OBJECT_CONVERSION = YES_AGGRESSIVE;
				CLANG_CXX_LANGUAGE_STANDARD = "gnu++0x";
				CLANG_CXX_LIBRARY = "libc++";
				CLANG_ENABLE_MODULES = YES;
				CLANG_ENABLE_OBJC_ARC = YES;
				CLANG_WARN_BOOL_CONVERSION = YES;
				CLANG_WARN_CONSTANT_CONVERSION = YES;
				CLANG_WARN_DIRECT_OBJC_ISA_USAGE = YES_ERROR;
				CLANG_WARN_DOCUMENTATION_COMMENTS = YES;
				CLANG_WARN_EMPTY_BODY = YES;
				CLANG_WARN_ENUM_CONVERSION = YES;
				CLANG_WARN_INFINITE_RECURSION = YES;
				CLANG_WARN_INT_CONVERSION = YES;
				CLANG_WARN_OBJC_ROOT_CLASS = YES_ERROR;
				CLANG_WARN_SUSPICIOUS_MOVE = YES;
				CLANG_WARN_UNREACHABLE_CODE = YES;
				CLANG_WARN__DUPLICATE_METHOD_MATCH = YES;
				"CODE_SIGN_IDENTITY[sdk=iphoneos*]" = "iPhone Developer";
				COPY_PHASE_STRIP = NO;
				DEBUG_INFORMATION_FORMAT = "dwarf-with-dsym";
				ENABLE_NS_ASSERTIONS = NO;
				ENABLE_STRICT_OBJC_MSGSEND = YES;
				GCC_C_LANGUAGE_STANDARD = gnu99;
				GCC_NO_COMMON_BLOCKS = YES;
				GCC_WARN_64_TO_32_BIT_CONVERSION = YES;
				GCC_WARN_ABOUT_RETURN_TYPE = YES_ERROR;
				GCC_WARN_UNDECLARED_SELECTOR = YES;
				GCC_WARN_UNINITIALIZED_AUTOS = YES_AGGRESSIVE;
				GCC_WARN_UNUSED_FUNCTION = YES;
				GCC_WARN_UNUSED_VARIABLE = YES;
				IPHONEOS_DEPLOYMENT_TARGET = 10.3;
				MTL_ENABLE_DEBUG_INFO = NO;
				SDKROOT = iphoneos;
				SWIFT_OPTIMIZATION_LEVEL = "-Owholemodule";
				TARGETED_DEVICE_FAMILY = "1,2";
				VALIDATE_PRODUCT = YES;
			};
			name = Release;
		};
		419C3B851F95D25100BFB24D /* Debug */ = {
			isa = XCBuildConfiguration;
			baseConfigurationReference = E3D4A766BAB4F10AA7B724EA /* Pods-Mashay.debug.xcconfig */;
			buildSettings = {
				ASSETCATALOG_COMPILER_APPICON_NAME = AppIcon;
				DEVELOPMENT_TEAM = 9LR44FX9HH;
				INFOPLIST_FILE = Mashay/Info.plist;
				IPHONEOS_DEPLOYMENT_TARGET = 9.0;
				LD_RUNPATH_SEARCH_PATHS = "$(inherited) @executable_path/Frameworks";
				PRODUCT_BUNDLE_IDENTIFIER = com.turath.Mashay;
				PRODUCT_NAME = "$(TARGET_NAME)";
				SWIFT_VERSION = 3.0;
			};
			name = Debug;
		};
		419C3B861F95D25100BFB24D /* Release */ = {
			isa = XCBuildConfiguration;
			baseConfigurationReference = CFC7968D6CA5F3F7AF986ACA /* Pods-Mashay.release.xcconfig */;
			buildSettings = {
				ASSETCATALOG_COMPILER_APPICON_NAME = AppIcon;
				DEVELOPMENT_TEAM = 9LR44FX9HH;
				INFOPLIST_FILE = Mashay/Info.plist;
				IPHONEOS_DEPLOYMENT_TARGET = 9.0;
				LD_RUNPATH_SEARCH_PATHS = "$(inherited) @executable_path/Frameworks";
				PRODUCT_BUNDLE_IDENTIFIER = com.turath.Mashay;
				PRODUCT_NAME = "$(TARGET_NAME)";
				SWIFT_VERSION = 3.0;
			};
			name = Release;
		};
/* End XCBuildConfiguration section */

/* Begin XCConfigurationList section */
		419C3B6D1F95D25100BFB24D /* Build configuration list for PBXProject "Mashay" */ = {
			isa = XCConfigurationList;
			buildConfigurations = (
				419C3B821F95D25100BFB24D /* Debug */,
				419C3B831F95D25100BFB24D /* Release */,
			);
			defaultConfigurationIsVisible = 0;
			defaultConfigurationName = Release;
		};
		419C3B841F95D25100BFB24D /* Build configuration list for PBXNativeTarget "Mashay" */ = {
			isa = XCConfigurationList;
			buildConfigurations = (
				419C3B851F95D25100BFB24D /* Debug */,
				419C3B861F95D25100BFB24D /* Release */,
			);
			defaultConfigurationIsVisible = 0;
			defaultConfigurationName = Release;
		};
/* End XCConfigurationList section */
	};
	rootObject = 419C3B6A1F95D25100BFB24D /* Project object */;
}
